{
    "_meta": {
        "hash": {
            "sha256": "30b735d0baa75afed59261bba90eb4617959531816a94cac7e32f45318e7cc95"
        },
        "pipfile-spec": 6,
        "requires": {
            "python_version": "3.12"
        },
        "sources": [
            {
                "name": "pypi",
                "url": "https://pypi.org/simple",
                "verify_ssl": true
            }
        ]
    },
    "default": {
        "mysql": {
            "hashes": [
                "sha256:8893cb143a5ac525c49ef358a23b8a0dc9721a95646f7bab6ca2f384c18a6a9a",
                "sha256:fd7bae7d7301ce7cd3932e5ff7f77bbc8e34872108252866e08d16d6b8e8de8c"
            ],
            "index": "pypi",
            "version": "==0.0.3"
        },
        "mysqlclient": {
            "hashes": [
                "sha256:1d2e2ca0fe8405d8d6464edd01bf059951279e4bc27284d39341bd4737b2bc64",
                "sha256:3f9625bea2b9bcde0ace76b32708762d44597491092c819fd1bff5b4e27f709b",
                "sha256:8012c633aab8c91ea8172ac479807135b171501b9cad1a7cd9b58c4dc8dcdab5",
                "sha256:add8643c32f738014d252d2bdebb478623b04802e8396d5903905db36474d3ff",
                "sha256:aee14f1872114865679fcb09aac3772de4595fa7dcf2f83a4c7afee15e508854",
                "sha256:b54511648c1455b43ac28f8b4c1f732c5b0c343e87f7a3bd6fc9f9fe0f91934e",
                "sha256:b78438314199504c64f69e1e3521f2c9b419f19fcd85158b44c997b64409a6af",
                "sha256:e871ede4261d0d42b8ed20a2459db411c7deafedd8e77b7e4ba760be4a6a752b"
            ],
            "markers": "python_version >= '3.8'",
            "version": "==2.2.5"
        }
    },
    "develop": {}
}
